// !$*UTF8*$!
{
	archiveVersion = 1;
	classes = {
	};
	objectVersion = 46;
	objects = {

/* Begin PBXBuildFile section */
		4E5F8E5C1C63298600F32437 /* LunarSolarConverter.m in Sources */ = {isa = PBXBuildFile; fileRef = 4E5F8E5B1C63298600F32437 /* LunarSolarConverter.m */; };
		4E5F8E5F1C632F7F00F32437 /* NSDate+Utilities.m in Sources */ = {isa = PBXBuildFile; fileRef = 4E5F8E5E1C632F7F00F32437 /* NSDate+Utilities.m */; };
		4E5F8E621C6353E300F32437 /* LunarCalendar.m in Sources */ = {isa = PBXBuildFile; fileRef = 4E5F8E611C6353E300F32437 /* LunarCalendar.m */; };
		4E5F8E651C644C7E00F32437 /* UIColor+HexString.m in Sources */ = {isa = PBXBuildFile; fileRef = 4E5F8E641C644C7E00F32437 /* UIColor+HexString.m */; };
		4E90F8A31C43394F00F3278A /* WeekCollectionView.m in Sources */ = {isa = PBXBuildFile; fileRef = 4E90F8A21C43394F00F3278A /* WeekCollectionView.m */; };
		4E90F8B11C437EEC00F3278A /* MonthCollectionView.m in Sources */ = {isa = PBXBuildFile; fileRef = 4E90F8B01C437EEC00F3278A /* MonthCollectionView.m */; };
		4E90F8B41C437F1B00F3278A /* BottomCollectionViewCell.m in Sources */ = {isa = PBXBuildFile; fileRef = 4E90F8B31C437F1B00F3278A /* BottomCollectionViewCell.m */; };
		4E90F8B81C4380C900F3278A /* ItemCell.m in Sources */ = {isa = PBXBuildFile; fileRef = 4E90F8B71C4380C900F3278A /* ItemCell.m */; };
		4EEAA44D1BB121A900377DC7 /* main.m in Sources */ = {isa = PBXBuildFile; fileRef = 4EEAA44C1BB121A900377DC7 /* main.m */; };
		4EEAA4501BB121A900377DC7 /* AppDelegate.m in Sources */ = {isa = PBXBuildFile; fileRef = 4EEAA44F1BB121A900377DC7 /* AppDelegate.m */; };
		4EEAA4531BB121A900377DC7 /* ViewController.m in Sources */ = {isa = PBXBuildFile; fileRef = 4EEAA4521BB121A900377DC7 /* ViewController.m */; };
		4EEAA4561BB121A900377DC7 /* Main.storyboard in Resources */ = {isa = PBXBuildFile; fileRef = 4EEAA4541BB121A900377DC7 /* Main.storyboard */; };
		4EEAA4581BB121A900377DC7 /* Images.xcassets in Resources */ = {isa = PBXBuildFile; fileRef = 4EEAA4571BB121A900377DC7 /* Images.xcassets */; };
		4EEAA45B1BB121A900377DC7 /* LaunchScreen.xib in Resources */ = {isa = PBXBuildFile; fileRef = 4EEAA4591BB121A900377DC7 /* LaunchScreen.xib */; };
		4EEAA4671BB121A900377DC7 /* dealTestTests.m in Sources */ = {isa = PBXBuildFile; fileRef = 4EEAA4661BB121A900377DC7 /* dealTestTests.m */; };
		4EEF57171C45F96C00687DB8 /* PWSHelper.m in Sources */ = {isa = PBXBuildFile; fileRef = 4EEF57161C45F96C00687DB8 /* PWSHelper.m */; };
/* End PBXBuildFile section */

/* Begin PBXContainerItemProxy section */
		4EEAA4611BB121A900377DC7 /* PBXContainerItemProxy */ = {
			isa = PBXContainerItemProxy;
			containerPortal = 4EEAA43F1BB121A900377DC7 /* Project object */;
			proxyType = 1;
			remoteGlobalIDString = 4EEAA4461BB121A900377DC7;
			remoteInfo = dealTest;
		};
/* End PBXContainerItemProxy section */

/* Begin PBXFileReference section */
		4E5F8E5A1C63298600F32437 /* LunarSolarConverter.h */ = {isa = PBXFileReference; fileEncoding = 4; lastKnownFileType = sourcecode.c.h; path = LunarSolarConverter.h; sourceTree = "<group>"; };
		4E5F8E5B1C63298600F32437 /* LunarSolarConverter.m */ = {isa = PBXFileReference; fileEncoding = 4; lastKnownFileType = sourcecode.c.objc; path = LunarSolarConverter.m; sourceTree = "<group>"; };
		4E5F8E5D1C632F7F00F32437 /* NSDate+Utilities.h */ = {isa = PBXFileReference; fileEncoding = 4; lastKnownFileType = sourcecode.c.h; path = "NSDate+Utilities.h"; sourceTree = "<group>"; };
		4E5F8E5E1C632F7F00F32437 /* NSDate+Utilities.m */ = {isa = PBXFileReference; fileEncoding = 4; lastKnownFileType = sourcecode.c.objc; path = "NSDate+Utilities.m"; sourceTree = "<group>"; };
		4E5F8E601C6353E300F32437 /* LunarCalendar.h */ = {isa = PBXFileReference; fileEncoding = 4; lastKnownFileType = sourcecode.c.h; path = LunarCalendar.h; sourceTree = "<group>"; };
		4E5F8E611C6353E300F32437 /* LunarCalendar.m */ = {isa = PBXFileReference; fileEncoding = 4; lastKnownFileType = sourcecode.c.objc; path = LunarCalendar.m; sourceTree = "<group>"; };
		4E5F8E631C644C7E00F32437 /* UIColor+HexString.h */ = {isa = PBXFileReference; fileEncoding = 4; lastKnownFileType = sourcecode.c.h; path = "UIColor+HexString.h"; sourceTree = "<group>"; };
		4E5F8E641C644C7E00F32437 /* UIColor+HexString.m */ = {isa = PBXFileReference; fileEncoding = 4; lastKnownFileType = sourcecode.c.objc; path = "UIColor+HexString.m"; sourceTree = "<group>"; };
		4E90F8A11C43394F00F3278A /* WeekCollectionView.h */ = {isa = PBXFileReference; fileEncoding = 4; lastKnownFileType = sourcecode.c.h; path = WeekCollectionView.h; sourceTree = "<group>"; };
		4E90F8A21C43394F00F3278A /* WeekCollectionView.m */ = {isa = PBXFileReference; fileEncoding = 4; lastKnownFileType = sourcecode.c.objc; path = WeekCollectionView.m; sourceTree = "<group>"; };
		4E90F8AF1C437EEC00F3278A /* MonthCollectionView.h */ = {isa = PBXFileReference; fileEncoding = 4; lastKnownFileType = sourcecode.c.h; path = MonthCollectionView.h; sourceTree = "<group>"; };
		4E90F8B01C437EEC00F3278A /* MonthCollectionView.m */ = {isa = PBXFileReference; fileEncoding = 4; lastKnownFileType = sourcecode.c.objc; path = MonthCollectionView.m; sourceTree = "<group>"; };
		4E90F8B21C437F1B00F3278A /* BottomCollectionViewCell.h */ = {isa = PBXFileReference; fileEncoding = 4; lastKnownFileType = sourcecode.c.h; path = BottomCollectionViewCell.h; sourceTree = "<group>"; };
		4E90F8B31C437F1B00F3278A /* BottomCollectionViewCell.m */ = {isa = PBXFileReference; fileEncoding = 4; lastKnownFileType = sourcecode.c.objc; path = BottomCollectionViewCell.m; sourceTree = "<group>"; };
		4E90F8B61C4380C900F3278A /* ItemCell.h */ = {isa = PBXFileReference; fileEncoding = 4; lastKnownFileType = sourcecode.c.h; path = ItemCell.h; sourceTree = "<group>"; };
		4E90F8B71C4380C900F3278A /* ItemCell.m */ = {isa = PBXFileReference; fileEncoding = 4; lastKnownFileType = sourcecode.c.objc; path = ItemCell.m; sourceTree = "<group>"; };
		4EEAA4471BB121A900377DC7 /* dealTest.app */ = {isa = PBXFileReference; explicitFileType = wrapper.application; includeInIndex = 0; path = dealTest.app; sourceTree = BUILT_PRODUCTS_DIR; };
		4EEAA44B1BB121A900377DC7 /* Info.plist */ = {isa = PBXFileReference; lastKnownFileType = text.plist.xml; path = Info.plist; sourceTree = "<group>"; };
		4EEAA44C1BB121A900377DC7 /* main.m */ = {isa = PBXFileReference; lastKnownFileType = sourcecode.c.objc; path = main.m; sourceTree = "<group>"; };
		4EEAA44E1BB121A900377DC7 /* AppDelegate.h */ = {isa = PBXFileReference; lastKnownFileType = sourcecode.c.h; path = AppDelegate.h; sourceTree = "<group>"; };
		4EEAA44F1BB121A900377DC7 /* AppDelegate.m */ = {isa = PBXFileReference; lastKnownFileType = sourcecode.c.objc; path = AppDelegate.m; sourceTree = "<group>"; };
		4EEAA4511BB121A900377DC7 /* ViewController.h */ = {isa = PBXFileReference; lastKnownFileType = sourcecode.c.h; path = ViewController.h; sourceTree = "<group>"; };
		4EEAA4521BB121A900377DC7 /* ViewController.m */ = {isa = PBXFileReference; lastKnownFileType = sourcecode.c.objc; path = ViewController.m; sourceTree = "<group>"; };
		4EEAA4551BB121A900377DC7 /* Base */ = {isa = PBXFileReference; lastKnownFileType = file.storyboard; name = Base; path = Base.lproj/Main.storyboard; sourceTree = "<group>"; };
		4EEAA4571BB121A900377DC7 /* Images.xcassets */ = {isa = PBXFileReference; lastKnownFileType = folder.assetcatalog; path = Images.xcassets; sourceTree = "<group>"; };
		4EEAA45A1BB121A900377DC7 /* Base */ = {isa = PBXFileReference; lastKnownFileType = file.xib; name = Base; path = Base.lproj/LaunchScreen.xib; sourceTree = "<group>"; };
		4EEAA4601BB121A900377DC7 /* dealTestTests.xctest */ = {isa = PBXFileReference; explicitFileType = wrapper.cfbundle; includeInIndex = 0; path = dealTestTests.xctest; sourceTree = BUILT_PRODUCTS_DIR; };
		4EEAA4651BB121A900377DC7 /* Info.plist */ = {isa = PBXFileReference; lastKnownFileType = text.plist.xml; path = Info.plist; sourceTree = "<group>"; };
		4EEAA4661BB121A900377DC7 /* dealTestTests.m */ = {isa = PBXFileReference; lastKnownFileType = sourcecode.c.objc; path = dealTestTests.m; sourceTree = "<group>"; };
		4EEF57151C45F96C00687DB8 /* PWSHelper.h */ = {isa = PBXFileReference; fileEncoding = 4; lastKnownFileType = sourcecode.c.h; path = PWSHelper.h; sourceTree = "<group>"; };
		4EEF57161C45F96C00687DB8 /* PWSHelper.m */ = {isa = PBXFileReference; fileEncoding = 4; lastKnownFileType = sourcecode.c.objc; path = PWSHelper.m; sourceTree = "<group>"; };
/* End PBXFileReference section */

/* Begin PBXFrameworksBuildPhase section */
		4EEAA4441BB121A900377DC7 /* Frameworks */ = {
			isa = PBXFrameworksBuildPhase;
			buildActionMask = 2147483647;
			files = (
			);
			runOnlyForDeploymentPostprocessing = 0;
		};
		4EEAA45D1BB121A900377DC7 /* Frameworks */ = {
			isa = PBXFrameworksBuildPhase;
			buildActionMask = 2147483647;
			files = (
			);
			runOnlyForDeploymentPostprocessing = 0;
		};
/* End PBXFrameworksBuildPhase section */

/* Begin PBXGroup section */
		4E90F8A41C43397500F3278A /* MonthCollectionView */ = {
			isa = PBXGroup;
			children = (
				4E90F8AF1C437EEC00F3278A /* MonthCollectionView.h */,
				4E90F8B01C437EEC00F3278A /* MonthCollectionView.m */,
				4E90F8A11C43394F00F3278A /* WeekCollectionView.h */,
				4E90F8A21C43394F00F3278A /* WeekCollectionView.m */,
				4E90F8B21C437F1B00F3278A /* BottomCollectionViewCell.h */,
				4E90F8B31C437F1B00F3278A /* BottomCollectionViewCell.m */,
			);
			name = MonthCollectionView;
			sourceTree = "<group>";
		};
		4E90F8B51C43809D00F3278A /* SubCollectionViewCell */ = {
			isa = PBXGroup;
			children = (
				4E5F8E5A1C63298600F32437 /* LunarSolarConverter.h */,
				4E5F8E5B1C63298600F32437 /* LunarSolarConverter.m */,
				4E5F8E601C6353E300F32437 /* LunarCalendar.h */,
				4E5F8E611C6353E300F32437 /* LunarCalendar.m */,
				4E5F8E5D1C632F7F00F32437 /* NSDate+Utilities.h */,
				4E5F8E5E1C632F7F00F32437 /* NSDate+Utilities.m */,
				4E5F8E631C644C7E00F32437 /* UIColor+HexString.h */,
				4E5F8E641C644C7E00F32437 /* UIColor+HexString.m */,
				4EEF57151C45F96C00687DB8 /* PWSHelper.h */,
				4EEF57161C45F96C00687DB8 /* PWSHelper.m */,
				4E90F8B61C4380C900F3278A /* ItemCell.h */,
				4E90F8B71C4380C900F3278A /* ItemCell.m */,
			);
			name = SubCollectionViewCell;
			sourceTree = "<group>";
		};
		4EEAA43E1BB121A900377DC7 = {
			isa = PBXGroup;
			children = (
				4EEAA4491BB121A900377DC7 /* dealTest */,
				4EEAA4631BB121A900377DC7 /* dealTestTests */,
				4EEAA4481BB121A900377DC7 /* Products */,
			);
			sourceTree = "<group>";
		};
		4EEAA4481BB121A900377DC7 /* Products */ = {
			isa = PBXGroup;
			children = (
				4EEAA4471BB121A900377DC7 /* dealTest.app */,
				4EEAA4601BB121A900377DC7 /* dealTestTests.xctest */,
			);
			name = Products;
			sourceTree = "<group>";
		};
		4EEAA4491BB121A900377DC7 /* dealTest */ = {
			isa = PBXGroup;
			children = (
				4E90F8B51C43809D00F3278A /* SubCollectionViewCell */,
				4E90F8A41C43397500F3278A /* MonthCollectionView */,
				4EEAA44E1BB121A900377DC7 /* AppDelegate.h */,
				4EEAA44F1BB121A900377DC7 /* AppDelegate.m */,
				4EEAA4511BB121A900377DC7 /* ViewController.h */,
				4EEAA4521BB121A900377DC7 /* ViewController.m */,
				4EEAA4541BB121A900377DC7 /* Main.storyboard */,
				4EEAA4571BB121A900377DC7 /* Images.xcassets */,
				4EEAA4591BB121A900377DC7 /* LaunchScreen.xib */,
				4EEAA44A1BB121A900377DC7 /* Supporting Files */,
			);
			path = dealTest;
			sourceTree = "<group>";
		};
		4EEAA44A1BB121A900377DC7 /* Supporting Files */ = {
			isa = PBXGroup;
			children = (
				4EEAA44B1BB121A900377DC7 /* Info.plist */,
				4EEAA44C1BB121A900377DC7 /* main.m */,
			);
			name = "Supporting Files";
			sourceTree = "<group>";
		};
		4EEAA4631BB121A900377DC7 /* dealTestTests */ = {
			isa = PBXGroup;
			children = (
				4EEAA4661BB121A900377DC7 /* dealTestTests.m */,
				4EEAA4641BB121A900377DC7 /* Supporting Files */,
			);
			path = dealTestTests;
			sourceTree = "<group>";
		};
		4EEAA4641BB121A900377DC7 /* Supporting Files */ = {
			isa = PBXGroup;
			children = (
				4EEAA4651BB121A900377DC7 /* Info.plist */,
			);
			name = "Supporting Files";
			sourceTree = "<group>";
		};
/* End PBXGroup section */

/* Begin PBXNativeTarget section */
		4EEAA4461BB121A900377DC7 /* dealTest */ = {
			isa = PBXNativeTarget;
			buildConfigurationList = 4EEAA46A1BB121A900377DC7 /* Build configuration list for PBXNativeTarget "dealTest" */;
			buildPhases = (
				4EEAA4431BB121A900377DC7 /* Sources */,
				4EEAA4441BB121A900377DC7 /* Frameworks */,
				4EEAA4451BB121A900377DC7 /* Resources */,
			);
			buildRules = (
			);
			dependencies = (
			);
			name = dealTest;
			productName = dealTest;
			productReference = 4EEAA4471BB121A900377DC7 /* dealTest.app */;
			productType = "com.apple.product-type.application";
		};
		4EEAA45F1BB121A900377DC7 /* dealTestTests */ = {
			isa = PBXNativeTarget;
			buildConfigurationList = 4EEAA46D1BB121A900377DC7 /* Build configuration list for PBXNativeTarget "dealTestTests" */;
			buildPhases = (
				4EEAA45C1BB121A900377DC7 /* Sources */,
				4EEAA45D1BB121A900377DC7 /* Frameworks */,
				4EEAA45E1BB121A900377DC7 /* Resources */,
			);
			buildRules = (
			);
			dependencies = (
				4EEAA4621BB121A900377DC7 /* PBXTargetDependency */,
			);
			name = dealTestTests;
			productName = dealTestTests;
			productReference = 4EEAA4601BB121A900377DC7 /* dealTestTests.xctest */;
			productType = "com.apple.product-type.bundle.unit-test";
		};
/* End PBXNativeTarget section */

/* Begin PBXProject section */
		4EEAA43F1BB121A900377DC7 /* Project object */ = {
			isa = PBXProject;
			attributes = {
				LastUpgradeCheck = 0630;
				ORGANIZATIONNAME = haishi;
				TargetAttributes = {
					4EEAA4461BB121A900377DC7 = {
						CreatedOnToolsVersion = 6.3.2;
					};
					4EEAA45F1BB121A900377DC7 = {
						CreatedOnToolsVersion = 6.3.2;
						TestTargetID = 4EEAA4461BB121A900377DC7;
					};
				};
			};
			buildConfigurationList = 4EEAA4421BB121A900377DC7 /* Build configuration list for PBXProject "dealTest" */;
			compatibilityVersion = "Xcode 3.2";
			developmentRegion = English;
			hasScannedForEncodings = 0;
			knownRegions = (
				en,
				Base,
			);
			mainGroup = 4EEAA43E1BB121A900377DC7;
			productRefGroup = 4EEAA4481BB121A900377DC7 /* Products */;
			projectDirPath = "";
			projectRoot = "";
			targets = (
				4EEAA4461BB121A900377DC7 /* dealTest */,
				4EEAA45F1BB121A900377DC7 /* dealTestTests */,
			);
		};
/* End PBXProject section */

/* Begin PBXResourcesBuildPhase section */
		4EEAA4451BB121A900377DC7 /* Resources */ = {
			isa = PBXResourcesBuildPhase;
			buildActionMask = 2147483647;
			files = (
				4EEAA4561BB121A900377DC7 /* Main.storyboard in Resources */,
				4EEAA45B1BB121A900377DC7 /* LaunchScreen.xib in Resources */,
				4EEAA4581BB121A900377DC7 /* Images.xcassets in Resources */,
			);
			runOnlyForDeploymentPostprocessing = 0;
		};
		4EEAA45E1BB121A900377DC7 /* Resources */ = {
			isa = PBXResourcesBuildPhase;
			buildActionMask = 2147483647;
			files = (
			);
			runOnlyForDeploymentPostprocessing = 0;
		};
/* End PBXResourcesBuildPhase section */

/* Begin PBXSourcesBuildPhase section */
		4EEAA4431BB121A900377DC7 /* Sources */ = {
			isa = PBXSourcesBuildPhase;
			buildActionMask = 2147483647;
			files = (
				4E90F8A31C43394F00F3278A /* WeekCollectionView.m in Sources */,
				4EEAA4531BB121A900377DC7 /* ViewController.m in Sources */,
				4EEAA4501BB121A900377DC7 /* AppDelegate.m in Sources */,
				4E5F8E5C1C63298600F32437 /* LunarSolarConverter.m in Sources */,
				4E5F8E621C6353E300F32437 /* LunarCalendar.m in Sources */,
				4E90F8B11C437EEC00F3278A /* MonthCollectionView.m in Sources */,
				4E5F8E651C644C7E00F32437 /* UIColor+HexString.m in Sources */,
				4E90F8B81C4380C900F3278A /* ItemCell.m in Sources */,
				4EEF57171C45F96C00687DB8 /* PWSHelper.m in Sources */,
				4E90F8B41C437F1B00F3278A /* BottomCollectionViewCell.m in Sources */,
				4EEAA44D1BB121A900377DC7 /* main.m in Sources */,
				4E5F8E5F1C632F7F00F32437 /* NSDate+Utilities.m in Sources */,
			);
			runOnlyForDeploymentPostprocessing = 0;
		};
		4EEAA45C1BB121A900377DC7 /* Sources */ = {
			isa = PBXSourcesBuildPhase;
			buildActionMask = 2147483647;
			files = (
				4EEAA4671BB121A900377DC7 /* dealTestTests.m in Sources */,
			);
			runOnlyForDeploymentPostprocessing = 0;
		};
/* End PBXSourcesBuildPhase section */

/* Begin PBXTargetDependency section */
		4EEAA4621BB121A900377DC7 /* PBXTargetDependency */ = {
			isa = PBXTargetDependency;
			target = 4EEAA4461BB121A900377DC7 /* dealTest */;
			targetProxy = 4EEAA4611BB121A900377DC7 /* PBXContainerItemProxy */;
		};
/* End PBXTargetDependency section */

/* Begin PBXVariantGroup section */
		4EEAA4541BB121A900377DC7 /* Main.storyboard */ = {
			isa = PBXVariantGroup;
			children = (
				4EEAA4551BB121A900377DC7 /* Base */,
			);
			name = Main.storyboard;
			sourceTree = "<group>";
		};
		4EEAA4591BB121A900377DC7 /* LaunchScreen.xib */ = {
			isa = PBXVariantGroup;
			children = (
				4EEAA45A1BB121A900377DC7 /* Base */,
			);
			name = LaunchScreen.xib;
			sourceTree = "<group>";
		};
/* End PBXVariantGroup section */

/* Begin XCBuildConfiguration section */
		4EEAA4681BB121A900377DC7 /* Debug */ = {
			isa = XCBuildConfiguration;
			buildSettings = {
				ALWAYS_SEARCH_USER_PATHS = NO;
				CLANG_CXX_LANGUAGE_STANDARD = "gnu++0x";
				CLANG_CXX_LIBRARY = "libc++";
				CLANG_ENABLE_MODULES = YES;
				CLANG_ENABLE_OBJC_ARC = YES;
				CLANG_WARN_BOOL_CONVERSION = YES;
				CLANG_WARN_CONSTANT_CONVERSION = YES;
				CLANG_WARN_DIRECT_OBJC_ISA_USAGE = YES_ERROR;
				CLANG_WARN_EMPTY_BODY = YES;
				CLANG_WARN_ENUM_CONVERSION = YES;
				CLANG_WARN_INT_CONVERSION = YES;
				CLANG_WARN_OBJC_ROOT_CLASS = YES_ERROR;
				CLANG_WARN_UNREACHABLE_CODE = YES;
				CLANG_WARN__DUPLICATE_METHOD_MATCH = YES;
				"CODE_SIGN_IDENTITY[sdk=iphoneos*]" = "iPhone Developer";
				COPY_PHASE_STRIP = NO;
				DEBUG_INFORMATION_FORMAT = "dwarf-with-dsym";
				ENABLE_STRICT_OBJC_MSGSEND = YES;
				GCC_C_LANGUAGE_STANDARD = gnu99;
				GCC_DYNAMIC_NO_PIC = NO;
				GCC_NO_COMMON_BLOCKS = YES;
				GCC_OPTIMIZATION_LEVEL = 0;
				GCC_PREPROCESSOR_DEFINITIONS = (
					"DEBUG=1",
					"$(inherited)",
				);
				GCC_SYMBOLS_PRIVATE_EXTERN = NO;
				GCC_WARN_64_TO_32_BIT_CONVERSION = YES;
				GCC_WARN_ABOUT_RETURN_TYPE = YES_ERROR;
				GCC_WARN_UNDECLARED_SELECTOR = YES;
				GCC_WARN_UNINITIALIZED_AUTOS = YES_AGGRESSIVE;
				GCC_WARN_UNUSED_FUNCTION = YES;
				GCC_WARN_UNUSED_VARIABLE = YES;
				IPHONEOS_DEPLOYMENT_TARGET = 8.3;
				MTL_ENABLE_DEBUG_INFO = YES;
				ONLY_ACTIVE_ARCH = YES;
				SDKROOT = iphoneos;
				TARGETED_DEVICE_FAMILY = "1,2";
			};
			name = Debug;
		};
		4EEAA4691BB121A900377DC7 /* Release */ = {
			isa = XCBuildConfiguration;
			buildSettings = {
				ALWAYS_SEARCH_USER_PATHS = NO;
				CLANG_CXX_LANGUAGE_STANDARD = "gnu++0x";
				CLANG_CXX_LIBRARY = "libc++";
				CLANG_ENABLE_MODULES = YES;
				CLANG_ENABLE_OBJC_ARC = YES;
				CLANG_WARN_BOOL_CONVERSION = YES;
				CLANG_WARN_CONSTANT_CONVERSION = YES;
				CLANG_WARN_DIRECT_OBJC_ISA_USAGE = YES_ERROR;
				CLANG_WARN_EMPTY_BODY = YES;
				CLANG_WARN_ENUM_CONVERSION = YES;
				CLANG_WARN_INT_CONVERSION = YES;
				CLANG_WARN_OBJC_ROOT_CLASS = YES_ERROR;
				CLANG_WARN_UNREACHABLE_CODE = YES;
				CLANG_WARN__DUPLICATE_METHOD_MATCH = YES;
				"CODE_SIGN_IDENTITY[sdk=iphoneos*]" = "iPhone Developer";
				COPY_PHASE_STRIP = NO;
				DEBUG_INFORMATION_FORMAT = "dwarf-with-dsym";
				ENABLE_NS_ASSERTIONS = NO;
				ENABLE_STRICT_OBJC_MSGSEND = YES;
				GCC_C_LANGUAGE_STANDARD = gnu99;
				GCC_NO_COMMON_BLOCKS = YES;
				GCC_WARN_64_TO_32_BIT_CONVERSION = YES;
				GCC_WARN_ABOUT_RETURN_TYPE = YES_ERROR;
				GCC_WARN_UNDECLARED_SELECTOR = YES;
				GCC_WARN_UNINITIALIZED_AUTOS = YES_AGGRESSIVE;
				GCC_WARN_UNUSED_FUNCTION = YES;
				GCC_WARN_UNUSED_VARIABLE = YES;
				IPHONEOS_DEPLOYMENT_TARGET = 8.3;
				MTL_ENABLE_DEBUG_INFO = NO;
				SDKROOT = iphoneos;
				TARGETED_DEVICE_FAMILY = "1,2";
				VALIDATE_PRODUCT = YES;
			};
			name = Release;
		};
		4EEAA46B1BB121A900377DC7 /* Debug */ = {
			isa = XCBuildConfiguration;
			buildSettings = {
				ASSETCATALOG_COMPILER_APPICON_NAME = AppIcon;
				CODE_SIGN_IDENTITY = "iPhone Developer: yirong chen (JB855R4H48)";
				INFOPLIST_FILE = dealTest/Info.plist;
				LD_RUNPATH_SEARCH_PATHS = "$(inherited) @executable_path/Frameworks";
				PRODUCT_BUNDLE_IDENTIFIER = com.patest.timesoci;
				PRODUCT_NAME = "$(TARGET_NAME)";
			};
			name = Debug;
		};
		4EEAA46C1BB121A900377DC7 /* Release */ = {
			isa = XCBuildConfiguration;
			buildSettings = {
				ASSETCATALOG_COMPILER_APPICON_NAME = AppIcon;
				CODE_SIGN_IDENTITY = "iPhone Developer: yirong chen (JB855R4H48)";
				INFOPLIST_FILE = dealTest/Info.plist;
				LD_RUNPATH_SEARCH_PATHS = "$(inherited) @executable_path/Frameworks";
				PRODUCT_BUNDLE_IDENTIFIER = com.patest.timesoci;
				PRODUCT_NAME = "$(TARGET_NAME)";
			};
			name = Release;
		};
		4EEAA46E1BB121A900377DC7 /* Debug */ = {
			isa = XCBuildConfiguration;
			buildSettings = {
				BUNDLE_LOADER = "$(TEST_HOST)";
				FRAMEWORK_SEARCH_PATHS = (
					"$(SDKROOT)/Developer/Library/Frameworks",
					"$(inherited)",
				);
				GCC_PREPROCESSOR_DEFINITIONS = (
					"DEBUG=1",
					"$(inherited)",
				);
				INFOPLIST_FILE = dealTestTests/Info.plist;
				LD_RUNPATH_SEARCH_PATHS = "$(inherited) @executable_path/Frameworks @loader_path/Frameworks";
				PRODUCT_NAME = "$(TARGET_NAME)";
				TEST_HOST = "$(BUILT_PRODUCTS_DIR)/dealTest.app/dealTest";
			};
			name = Debug;
		};
		4EEAA46F1BB121A900377DC7 /* Release */ = {
			isa = XCBuildConfiguration;
			buildSettings = {
				BUNDLE_LOADER = "$(TEST_HOST)";
				FRAMEWORK_SEARCH_PATHS = (
					"$(SDKROOT)/Developer/Library/Frameworks",
					"$(inherited)",
				);
				INFOPLIST_FILE = dealTestTests/Info.plist;
				LD_RUNPATH_SEARCH_PATHS = "$(inherited) @executable_path/Frameworks @loader_path/Frameworks";
				PRODUCT_NAME = "$(TARGET_NAME)";
				TEST_HOST = "$(BUILT_PRODUCTS_DIR)/dealTest.app/dealTest";
			};
			name = Release;
		};
/* End XCBuildConfiguration section */

/* Begin XCConfigurationList section */
		4EEAA4421BB121A900377DC7 /* Build configuration list for PBXProject "dealTest" */ = {
			isa = XCConfigurationList;
			buildConfigurations = (
				4EEAA4681BB121A900377DC7 /* Debug */,
				4EEAA4691BB121A900377DC7 /* Release */,
			);
			defaultConfigurationIsVisible = 0;
			defaultConfigurationName = Release;
		};
		4EEAA46A1BB121A900377DC7 /* Build configuration list for PBXNativeTarget "dealTest" */ = {
			isa = XCConfigurationList;
			buildConfigurations = (
				4EEAA46B1BB121A900377DC7 /* Debug */,
				4EEAA46C1BB121A900377DC7 /* Release */,
			);
			defaultConfigurationIsVisible = 0;
			defaultConfigurationName = Release;
		};
		4EEAA46D1BB121A900377DC7 /* Build configuration list for PBXNativeTarget "dealTestTests" */ = {
			isa = XCConfigurationList;
			buildConfigurations = (
				4EEAA46E1BB121A900377DC7 /* Debug */,
				4EEAA46F1BB121A900377DC7 /* Release */,
			);
			defaultConfigurationIsVisible = 0;
			defaultConfigurationName = Release;
		};
/* End XCConfigurationList section */
	};
	rootObject = 4EEAA43F1BB121A900377DC7 /* Project object */;
}
